
Microsoft Visual Studio Solution File, Format Version 12.00
# Visual Studio 15
VisualStudioVersion = 15.0.27130.2024
MinimumVisualStudioVersion = 10.0.40219.1
Project("{FAE04EC0-301F-11D3-BF4B-00C04F79EFBC}") = "KölnerPhonetik", "KölnerPhonetik\KölnerPhonetik.csproj", "{D2421741-9665-481B-98EC-71E4497C706A}"
EndProject
Global
	GlobalSection(SolutionConfigurationPlatforms) = preSolution
		Debug|Any CPU = Debug|Any CPU
		Release|Any CPU = Release|Any CPU
	EndGlobalSection
	GlobalSection(ProjectConfigurationPlatforms) = postSolution
		{D2421741-9665-481B-98EC-71E4497C706A}.Debug|Any CPU.ActiveCfg = Debug|Any CPU
		{D2421741-9665-481B-98EC-71E4497C706A}.Debug|Any CPU.Build.0 = Debug|Any CPU
		{D2421741-9665-481B-98EC-71E4497C706A}.Release|Any CPU.ActiveCfg = Release|Any CPU
		{D2421741-9665-481B-98EC-71E4497C706A}.Release|Any CPU.Build.0 = Release|Any CPU
	EndGlobalSection
	GlobalSection(SolutionProperties) = preSolution
		HideSolutionNode = FALSE
	EndGlobalSection
	GlobalSection(ExtensibilityGlobals) = postSolution
		SolutionGuid = {4E965A99-3BB8-4687-AD5A-120D7527C5C3}
	EndGlobalSection
EndGlobal
