
Microsoft Visual Studio Solution File, Format Version 12.00
# Blend for Visual Studio 15
VisualStudioVersion = 15.0.28010.2036
MinimumVisualStudioVersion = 10.0.40219.1
Project("{FAE04EC0-301F-11D3-BF4B-00C04F79EFBC}") = "Watt", "Watt\Watt.csproj", "{48DC5E0C-A49C-48E8-BA50-98FDCE67C811}"
EndProject
Global
	GlobalSection(SolutionConfigurationPlatforms) = preSolution
		Debug|Any CPU = Debug|Any CPU
		Release|Any CPU = Release|Any CPU
	EndGlobalSection
	GlobalSection(ProjectConfigurationPlatforms) = postSolution
		{48DC5E0C-A49C-48E8-BA50-98FDCE67C811}.Debug|Any CPU.ActiveCfg = Debug|Any CPU
		{48DC5E0C-A49C-48E8-BA50-98FDCE67C811}.Debug|Any CPU.Build.0 = Debug|Any CPU
		{48DC5E0C-A49C-48E8-BA50-98FDCE67C811}.Release|Any CPU.ActiveCfg = Release|Any CPU
		{48DC5E0C-A49C-48E8-BA50-98FDCE67C811}.Release|Any CPU.Build.0 = Release|Any CPU
	EndGlobalSection
	GlobalSection(SolutionProperties) = preSolution
		HideSolutionNode = FALSE
	EndGlobalSection
	GlobalSection(ExtensibilityGlobals) = postSolution
		SolutionGuid = {D11DFC54-5C1D-4326-B3DF-1D16F73D907E}
	EndGlobalSection
EndGlobal
